
Microsoft Visual Studio Solution File, Format Version 12.00
# Visual Studio Version 17
VisualStudioVersion = 17.13.35825.156 d17.13
MinimumVisualStudioVersion = 10.0.40219.1
Project("{FAE04EC0-301F-11D3-BF4B-00C04F79EFBC}") = "Estructuras_Condicionales", "PracticaCampo2\Estructuras_Condicionales.csproj", "{8C191E8C-B365-4216-A9D7-5857102753A9}"
EndProject
Project("{FAE04EC0-301F-11D3-BF4B-00C04F79EFBC}") = "Estructura_de_Seleccion_Multiple", "Estructura_de_Seleccion_Multiple\Estructura_de_Seleccion_Multiple.csproj", "{C16C3388-B0FC-4274-B593-A50797BAD964}"
EndProject
Global
	GlobalSection(SolutionConfigurationPlatforms) = preSolution
		Debug|Any CPU = Debug|Any CPU
		Release|Any CPU = Release|Any CPU
	EndGlobalSection
	GlobalSection(ProjectConfigurationPlatforms) = postSolution
		{8C191E8C-B365-4216-A9D7-5857102753A9}.Debug|Any CPU.ActiveCfg = Debug|Any CPU
		{8C191E8C-B365-4216-A9D7-5857102753A9}.Debug|Any CPU.Build.0 = Debug|Any CPU
		{8C191E8C-B365-4216-A9D7-5857102753A9}.Release|Any CPU.ActiveCfg = Release|Any CPU
		{8C191E8C-B365-4216-A9D7-5857102753A9}.Release|Any CPU.Build.0 = Release|Any CPU
		{C16C3388-B0FC-4274-B593-A50797BAD964}.Debug|Any CPU.ActiveCfg = Debug|Any CPU
		{C16C3388-B0FC-4274-B593-A50797BAD964}.Debug|Any CPU.Build.0 = Debug|Any CPU
		{C16C3388-B0FC-4274-B593-A50797BAD964}.Release|Any CPU.ActiveCfg = Release|Any CPU
		{C16C3388-B0FC-4274-B593-A50797BAD964}.Release|Any CPU.Build.0 = Release|Any CPU
	EndGlobalSection
	GlobalSection(SolutionProperties) = preSolution
		HideSolutionNode = FALSE
	EndGlobalSection
	GlobalSection(ExtensibilityGlobals) = postSolution
		SolutionGuid = {1D82751B-7BFE-41FF-B344-1CD991A12A78}
	EndGlobalSection
EndGlobal
